// !$*UTF8*$!
{
	archiveVersion = 1;
	classes = {
	};
	objectVersion = 77;
	objects = {

/* Begin PBXBuildFile section */
		6590809C2DC5532A006A7FEC /* FieldRow.swift in Sources */ = {isa = PBXBuildFile; fileRef = 659080982DC5532A006A7FEC /* FieldRow.swift */; };
		6590809D2DC5532A006A7FEC /* EntriesViewModel.swift in Sources */ = {isa = PBXBuildFile; fileRef = 659080942DC5532A006A7FEC /* EntriesViewModel.swift */; };
		6590809E2DC5532A006A7FEC /* Section.swift in Sources */ = {isa = PBXBuildFile; fileRef = 659080922DC5532A006A7FEC /* Section.swift */; };
		6590809F2DC5532A006A7FEC /* LandingView.swift in Sources */ = {isa = PBXBuildFile; fileRef = 6590809A2DC5532A006A7FEC /* LandingView.swift */; };
		659080A02DC5532A006A7FEC /* EntriesView.swift in Sources */ = {isa = PBXBuildFile; fileRef = 659080972DC5532A006A7FEC /* EntriesView.swift */; };
		659080A12DC5532A006A7FEC /* Helpers.swift in Sources */ = {isa = PBXBuildFile; fileRef = 6590808F2DC5532A006A7FEC /* Helpers.swift */; };
		659080A22DC5532A006A7FEC /* FormViewModel.swift in Sources */ = {isa = PBXBuildFile; fileRef = 659080952DC5532A006A7FEC /* FormViewModel.swift */; };
		659080A32DC5532A006A7FEC /* Field.swift in Sources */ = {isa = PBXBuildFile; fileRef = 659080912DC5532A006A7FEC /* Field.swift */; };
		659080A42DC5532A006A7FEC /* FormView.swift in Sources */ = {isa = PBXBuildFile; fileRef = 659080992DC5532A006A7FEC /* FormView.swift */; };
		659080A92DC55342006A7FEC /* 200-form.json in Resources */ = {isa = PBXBuildFile; fileRef = 659080A52DC55342006A7FEC /* 200-form.json */; };
		659080AA2DC55342006A7FEC /* all-fields.json in Resources */ = {isa = PBXBuildFile; fileRef = 659080A62DC55342006A7FEC /* all-fields.json */; };
		659080AB2DC55342006A7FEC /* Assets.xcassets in Resources */ = {isa = PBXBuildFile; fileRef = 659080A72DC55342006A7FEC /* Assets.xcassets */; };
		659080AD2DC5534D006A7FEC /* DynamicFormsApp.swift in Sources */ = {isa = PBXBuildFile; fileRef = 659080AC2DC5534D006A7FEC /* DynamicFormsApp.swift */; };
/* End PBXBuildFile section */

/* Begin PBXContainerItemProxy section */
		65907C622DC27736006A7FEC /* PBXContainerItemProxy */ = {
			isa = PBXContainerItemProxy;
			containerPortal = 65907C482DC27734006A7FEC /* Project object */;
			proxyType = 1;
			remoteGlobalIDString = 65907C4F2DC27734006A7FEC;
			remoteInfo = DynamicForms;
		};
		65907C6C2DC27736006A7FEC /* PBXContainerItemProxy */ = {
			isa = PBXContainerItemProxy;
			containerPortal = 65907C482DC27734006A7FEC /* Project object */;
			proxyType = 1;
			remoteGlobalIDString = 65907C4F2DC27734006A7FEC;
			remoteInfo = DynamicForms;
		};
/* End PBXContainerItemProxy section */

/* Begin PBXFileReference section */
		65907C502DC27734006A7FEC /* DynamicForms.app */ = {isa = PBXFileReference; explicitFileType = wrapper.application; includeInIndex = 0; path = DynamicForms.app; sourceTree = BUILT_PRODUCTS_DIR; };
		65907C612DC27736006A7FEC /* DynamicFormsTests.xctest */ = {isa = PBXFileReference; explicitFileType = wrapper.cfbundle; includeInIndex = 0; path = DynamicFormsTests.xctest; sourceTree = BUILT_PRODUCTS_DIR; };
		65907C6B2DC27736006A7FEC /* DynamicFormsUITests.xctest */ = {isa = PBXFileReference; explicitFileType = wrapper.cfbundle; includeInIndex = 0; path = DynamicFormsUITests.xctest; sourceTree = BUILT_PRODUCTS_DIR; };
		6590808F2DC5532A006A7FEC /* Helpers.swift */ = {isa = PBXFileReference; lastKnownFileType = sourcecode.swift; path = Helpers.swift; sourceTree = "<group>"; };
		659080912DC5532A006A7FEC /* Field.swift */ = {isa = PBXFileReference; lastKnownFileType = sourcecode.swift; path = Field.swift; sourceTree = "<group>"; };
		659080922DC5532A006A7FEC /* Section.swift */ = {isa = PBXFileReference; lastKnownFileType = sourcecode.swift; path = Section.swift; sourceTree = "<group>"; };
		659080942DC5532A006A7FEC /* EntriesViewModel.swift */ = {isa = PBXFileReference; lastKnownFileType = sourcecode.swift; path = EntriesViewModel.swift; sourceTree = "<group>"; };
		659080952DC5532A006A7FEC /* FormViewModel.swift */ = {isa = PBXFileReference; lastKnownFileType = sourcecode.swift; path = FormViewModel.swift; sourceTree = "<group>"; };
		659080972DC5532A006A7FEC /* EntriesView.swift */ = {isa = PBXFileReference; lastKnownFileType = sourcecode.swift; path = EntriesView.swift; sourceTree = "<group>"; };
		659080982DC5532A006A7FEC /* FieldRow.swift */ = {isa = PBXFileReference; lastKnownFileType = sourcecode.swift; path = FieldRow.swift; sourceTree = "<group>"; };
		659080992DC5532A006A7FEC /* FormView.swift */ = {isa = PBXFileReference; lastKnownFileType = sourcecode.swift; path = FormView.swift; sourceTree = "<group>"; };
		6590809A2DC5532A006A7FEC /* LandingView.swift */ = {isa = PBXFileReference; lastKnownFileType = sourcecode.swift; path = LandingView.swift; sourceTree = "<group>"; };
		659080A52DC55342006A7FEC /* 200-form.json */ = {isa = PBXFileReference; lastKnownFileType = text.json; path = "200-form.json"; sourceTree = "<group>"; };
		659080A62DC55342006A7FEC /* all-fields.json */ = {isa = PBXFileReference; lastKnownFileType = text.json; path = "all-fields.json"; sourceTree = "<group>"; };
		659080A72DC55342006A7FEC /* Assets.xcassets */ = {isa = PBXFileReference; lastKnownFileType = folder.assetcatalog; path = Assets.xcassets; sourceTree = "<group>"; };
		659080AC2DC5534D006A7FEC /* DynamicFormsApp.swift */ = {isa = PBXFileReference; lastKnownFileType = sourcecode.swift; path = DynamicFormsApp.swift; sourceTree = "<group>"; };
/* End PBXFileReference section */

/* Begin PBXFileSystemSynchronizedRootGroup section */
		65907C642DC27736006A7FEC /* DynamicFormsTests */ = {
			isa = PBXFileSystemSynchronizedRootGroup;
			path = DynamicFormsTests;
			sourceTree = "<group>";
		};
		65907C6E2DC27736006A7FEC /* DynamicFormsUITests */ = {
			isa = PBXFileSystemSynchronizedRootGroup;
			path = DynamicFormsUITests;
			sourceTree = "<group>";
		};
/* End PBXFileSystemSynchronizedRootGroup section */

/* Begin PBXFrameworksBuildPhase section */
		65907C4D2DC27734006A7FEC /* Frameworks */ = {
			isa = PBXFrameworksBuildPhase;
			buildActionMask = 2147483647;
			files = (
			);
			runOnlyForDeploymentPostprocessing = 0;
		};
		65907C5E2DC27736006A7FEC /* Frameworks */ = {
			isa = PBXFrameworksBuildPhase;
			buildActionMask = 2147483647;
			files = (
			);
			runOnlyForDeploymentPostprocessing = 0;
		};
		65907C682DC27736006A7FEC /* Frameworks */ = {
			isa = PBXFrameworksBuildPhase;
			buildActionMask = 2147483647;
			files = (
			);
			runOnlyForDeploymentPostprocessing = 0;
		};
/* End PBXFrameworksBuildPhase section */

/* Begin PBXGroup section */
		65907C472DC27734006A7FEC = {
			isa = PBXGroup;
			children = (
				659080AC2DC5534D006A7FEC /* DynamicFormsApp.swift */,
				659080A82DC55342006A7FEC /* Assets */,
				659080932DC5532A006A7FEC /* Models */,
				659080962DC5532A006A7FEC /* ViewModels */,
				6590809B2DC5532A006A7FEC /* Views */,
				65907C642DC27736006A7FEC /* DynamicFormsTests */,
				65907C6E2DC27736006A7FEC /* DynamicFormsUITests */,
				65907C512DC27734006A7FEC /* Products */,
			);
			sourceTree = "<group>";
		};
		65907C512DC27734006A7FEC /* Products */ = {
			isa = PBXGroup;
			children = (
				65907C502DC27734006A7FEC /* DynamicForms.app */,
				65907C612DC27736006A7FEC /* DynamicFormsTests.xctest */,
				65907C6B2DC27736006A7FEC /* DynamicFormsUITests.xctest */,
			);
			name = Products;
			sourceTree = "<group>";
		};
		659080902DC5532A006A7FEC /* Helpers */ = {
			isa = PBXGroup;
			children = (
				6590808F2DC5532A006A7FEC /* Helpers.swift */,
			);
			path = Helpers;
			sourceTree = "<group>";
		};
		659080932DC5532A006A7FEC /* Models */ = {
			isa = PBXGroup;
			children = (
				659080902DC5532A006A7FEC /* Helpers */,
				659080912DC5532A006A7FEC /* Field.swift */,
				659080922DC5532A006A7FEC /* Section.swift */,
			);
			path = Models;
			sourceTree = "<group>";
		};
		659080962DC5532A006A7FEC /* ViewModels */ = {
			isa = PBXGroup;
			children = (
				659080942DC5532A006A7FEC /* EntriesViewModel.swift */,
				659080952DC5532A006A7FEC /* FormViewModel.swift */,
			);
			path = ViewModels;
			sourceTree = "<group>";
		};
		6590809B2DC5532A006A7FEC /* Views */ = {
			isa = PBXGroup;
			children = (
				659080972DC5532A006A7FEC /* EntriesView.swift */,
				659080982DC5532A006A7FEC /* FieldRow.swift */,
				659080992DC5532A006A7FEC /* FormView.swift */,
				6590809A2DC5532A006A7FEC /* LandingView.swift */,
			);
			path = Views;
			sourceTree = "<group>";
		};
		659080A82DC55342006A7FEC /* Assets */ = {
			isa = PBXGroup;
			children = (
				659080A52DC55342006A7FEC /* 200-form.json */,
				659080A62DC55342006A7FEC /* all-fields.json */,
				659080A72DC55342006A7FEC /* Assets.xcassets */,
			);
			path = Assets;
			sourceTree = "<group>";
		};
/* End PBXGroup section */

/* Begin PBXNativeTarget section */
		65907C4F2DC27734006A7FEC /* DynamicForms */ = {
			isa = PBXNativeTarget;
			buildConfigurationList = 65907C752DC27736006A7FEC /* Build configuration list for PBXNativeTarget "DynamicForms" */;
			buildPhases = (
				65907C4C2DC27734006A7FEC /* Sources */,
				65907C4D2DC27734006A7FEC /* Frameworks */,
				65907C4E2DC27734006A7FEC /* Resources */,
			);
			buildRules = (
			);
			dependencies = (
			);
			name = DynamicForms;
			packageProductDependencies = (
			);
			productName = DynamicForms;
			productReference = 65907C502DC27734006A7FEC /* DynamicForms.app */;
			productType = "com.apple.product-type.application";
		};
		65907C602DC27736006A7FEC /* DynamicFormsTests */ = {
			isa = PBXNativeTarget;
			buildConfigurationList = 65907C782DC27736006A7FEC /* Build configuration list for PBXNativeTarget "DynamicFormsTests" */;
			buildPhases = (
				65907C5D2DC27736006A7FEC /* Sources */,
				65907C5E2DC27736006A7FEC /* Frameworks */,
				65907C5F2DC27736006A7FEC /* Resources */,
			);
			buildRules = (
			);
			dependencies = (
				65907C632DC27736006A7FEC /* PBXTargetDependency */,
			);
			fileSystemSynchronizedGroups = (
				65907C642DC27736006A7FEC /* DynamicFormsTests */,
			);
			name = DynamicFormsTests;
			packageProductDependencies = (
			);
			productName = DynamicFormsTests;
			productReference = 65907C612DC27736006A7FEC /* DynamicFormsTests.xctest */;
			productType = "com.apple.product-type.bundle.unit-test";
		};
		65907C6A2DC27736006A7FEC /* DynamicFormsUITests */ = {
			isa = PBXNativeTarget;
			buildConfigurationList = 65907C7B2DC27736006A7FEC /* Build configuration list for PBXNativeTarget "DynamicFormsUITests" */;
			buildPhases = (
				65907C672DC27736006A7FEC /* Sources */,
				65907C682DC27736006A7FEC /* Frameworks */,
				65907C692DC27736006A7FEC /* Resources */,
			);
			buildRules = (
			);
			dependencies = (
				65907C6D2DC27736006A7FEC /* PBXTargetDependency */,
			);
			fileSystemSynchronizedGroups = (
				65907C6E2DC27736006A7FEC /* DynamicFormsUITests */,
			);
			name = DynamicFormsUITests;
			packageProductDependencies = (
			);
			productName = DynamicFormsUITests;
			productReference = 65907C6B2DC27736006A7FEC /* DynamicFormsUITests.xctest */;
			productType = "com.apple.product-type.bundle.ui-testing";
		};
/* End PBXNativeTarget section */

/* Begin PBXProject section */
		65907C482DC27734006A7FEC /* Project object */ = {
			isa = PBXProject;
			attributes = {
				BuildIndependentTargetsInParallel = 1;
				LastSwiftUpdateCheck = 1600;
				LastUpgradeCheck = 1600;
				TargetAttributes = {
					65907C4F2DC27734006A7FEC = {
						CreatedOnToolsVersion = 16.0;
					};
					65907C602DC27736006A7FEC = {
						CreatedOnToolsVersion = 16.0;
						TestTargetID = 65907C4F2DC27734006A7FEC;
					};
					65907C6A2DC27736006A7FEC = {
						CreatedOnToolsVersion = 16.0;
						TestTargetID = 65907C4F2DC27734006A7FEC;
					};
				};
			};
			buildConfigurationList = 65907C4B2DC27734006A7FEC /* Build configuration list for PBXProject "DynamicForms" */;
			developmentRegion = en;
			hasScannedForEncodings = 0;
			knownRegions = (
				en,
				Base,
			);
			mainGroup = 65907C472DC27734006A7FEC;
			minimizedProjectReferenceProxies = 1;
			packageReferences = (
				65907C7E2DC277D1006A7FEC /* XCRemoteSwiftPackageReference "SwiftSoup" */,
			);
			preferredProjectObjectVersion = 77;
			productRefGroup = 65907C512DC27734006A7FEC /* Products */;
			projectDirPath = "";
			projectRoot = "";
			targets = (
				65907C4F2DC27734006A7FEC /* DynamicForms */,
				65907C602DC27736006A7FEC /* DynamicFormsTests */,
				65907C6A2DC27736006A7FEC /* DynamicFormsUITests */,
			);
		};
/* End PBXProject section */

/* Begin PBXResourcesBuildPhase section */
		65907C4E2DC27734006A7FEC /* Resources */ = {
			isa = PBXResourcesBuildPhase;
			buildActionMask = 2147483647;
			files = (
				659080A92DC55342006A7FEC /* 200-form.json in Resources */,
				659080AA2DC55342006A7FEC /* all-fields.json in Resources */,
				659080AB2DC55342006A7FEC /* Assets.xcassets in Resources */,
			);
			runOnlyForDeploymentPostprocessing = 0;
		};
		65907C5F2DC27736006A7FEC /* Resources */ = {
			isa = PBXResourcesBuildPhase;
			buildActionMask = 2147483647;
			files = (
			);
			runOnlyForDeploymentPostprocessing = 0;
		};
		65907C692DC27736006A7FEC /* Resources */ = {
			isa = PBXResourcesBuildPhase;
			buildActionMask = 2147483647;
			files = (
			);
			runOnlyForDeploymentPostprocessing = 0;
		};
/* End PBXResourcesBuildPhase section */

/* Begin PBXSourcesBuildPhase section */
		65907C4C2DC27734006A7FEC /* Sources */ = {
			isa = PBXSourcesBuildPhase;
			buildActionMask = 2147483647;
			files = (
				6590809C2DC5532A006A7FEC /* FieldRow.swift in Sources */,
				659080AD2DC5534D006A7FEC /* DynamicFormsApp.swift in Sources */,
				6590809D2DC5532A006A7FEC /* EntriesViewModel.swift in Sources */,
				6590809E2DC5532A006A7FEC /* Section.swift in Sources */,
				6590809F2DC5532A006A7FEC /* LandingView.swift in Sources */,
				659080A02DC5532A006A7FEC /* EntriesView.swift in Sources */,
				659080A12DC5532A006A7FEC /* Helpers.swift in Sources */,
				659080A22DC5532A006A7FEC /* FormViewModel.swift in Sources */,
				659080A32DC5532A006A7FEC /* Field.swift in Sources */,
				659080A42DC5532A006A7FEC /* FormView.swift in Sources */,
			);
			runOnlyForDeploymentPostprocessing = 0;
		};
		65907C5D2DC27736006A7FEC /* Sources */ = {
			isa = PBXSourcesBuildPhase;
			buildActionMask = 2147483647;
			files = (
			);
			runOnlyForDeploymentPostprocessing = 0;
		};
		65907C672DC27736006A7FEC /* Sources */ = {
			isa = PBXSourcesBuildPhase;
			buildActionMask = 2147483647;
			files = (
			);
			runOnlyForDeploymentPostprocessing = 0;
		};
/* End PBXSourcesBuildPhase section */

/* Begin PBXTargetDependency section */
		65907C632DC27736006A7FEC /* PBXTargetDependency */ = {
			isa = PBXTargetDependency;
			target = 65907C4F2DC27734006A7FEC /* DynamicForms */;
			targetProxy = 65907C622DC27736006A7FEC /* PBXContainerItemProxy */;
		};
		65907C6D2DC27736006A7FEC /* PBXTargetDependency */ = {
			isa = PBXTargetDependency;
			target = 65907C4F2DC27734006A7FEC /* DynamicForms */;
			targetProxy = 65907C6C2DC27736006A7FEC /* PBXContainerItemProxy */;
		};
/* End PBXTargetDependency section */

/* Begin XCBuildConfiguration section */
		65907C732DC27736006A7FEC /* Debug */ = {
			isa = XCBuildConfiguration;
			buildSettings = {
				ALWAYS_SEARCH_USER_PATHS = NO;
				ASSETCATALOG_COMPILER_GENERATE_SWIFT_ASSET_SYMBOL_EXTENSIONS = YES;
				CLANG_ANALYZER_NONNULL = YES;
				CLANG_ANALYZER_NUMBER_OBJECT_CONVERSION = YES_AGGRESSIVE;
				CLANG_CXX_LANGUAGE_STANDARD = "gnu++20";
				CLANG_ENABLE_MODULES = YES;
				CLANG_ENABLE_OBJC_ARC = YES;
				CLANG_ENABLE_OBJC_WEAK = YES;
				CLANG_WARN_BLOCK_CAPTURE_AUTORELEASING = YES;
				CLANG_WARN_BOOL_CONVERSION = YES;
				CLANG_WARN_COMMA = YES;
				CLANG_WARN_CONSTANT_CONVERSION = YES;
				CLANG_WARN_DEPRECATED_OBJC_IMPLEMENTATIONS = YES;
				CLANG_WARN_DIRECT_OBJC_ISA_USAGE = YES_ERROR;
				CLANG_WARN_DOCUMENTATION_COMMENTS = YES;
				CLANG_WARN_EMPTY_BODY = YES;
				CLANG_WARN_ENUM_CONVERSION = YES;
				CLANG_WARN_INFINITE_RECURSION = YES;
				CLANG_WARN_INT_CONVERSION = YES;
				CLANG_WARN_NON_LITERAL_NULL_CONVERSION = YES;
				CLANG_WARN_OBJC_IMPLICIT_RETAIN_SELF = YES;
				CLANG_WARN_OBJC_LITERAL_CONVERSION = YES;
				CLANG_WARN_OBJC_ROOT_CLASS = YES_ERROR;
				CLANG_WARN_QUOTED_INCLUDE_IN_FRAMEWORK_HEADER = YES;
				CLANG_WARN_RANGE_LOOP_ANALYSIS = YES;
				CLANG_WARN_STRICT_PROTOTYPES = YES;
				CLANG_WARN_SUSPICIOUS_MOVE = YES;
				CLANG_WARN_UNGUARDED_AVAILABILITY = YES_AGGRESSIVE;
				CLANG_WARN_UNREACHABLE_CODE = YES;
				CLANG_WARN__DUPLICATE_METHOD_MATCH = YES;
				COPY_PHASE_STRIP = NO;
				DEBUG_INFORMATION_FORMAT = dwarf;
				ENABLE_STRICT_OBJC_MSGSEND = YES;
				ENABLE_TESTABILITY = YES;
				ENABLE_USER_SCRIPT_SANDBOXING = YES;
				GCC_C_LANGUAGE_STANDARD = gnu17;
				GCC_DYNAMIC_NO_PIC = NO;
				GCC_NO_COMMON_BLOCKS = YES;
				GCC_OPTIMIZATION_LEVEL = 0;
				GCC_PREPROCESSOR_DEFINITIONS = (
					"DEBUG=1",
					"$(inherited)",
				);
				GCC_WARN_64_TO_32_BIT_CONVERSION = YES;
				GCC_WARN_ABOUT_RETURN_TYPE = YES_ERROR;
				GCC_WARN_UNDECLARED_SELECTOR = YES;
				GCC_WARN_UNINITIALIZED_AUTOS = YES_AGGRESSIVE;
				GCC_WARN_UNUSED_FUNCTION = YES;
				GCC_WARN_UNUSED_VARIABLE = YES;
				LOCALIZATION_PREFERS_STRING_CATALOGS = YES;
				MTL_ENABLE_DEBUG_INFO = INCLUDE_SOURCE;
				MTL_FAST_MATH = YES;
				ONLY_ACTIVE_ARCH = YES;
				SWIFT_ACTIVE_COMPILATION_CONDITIONS = "DEBUG $(inherited)";
				SWIFT_OPTIMIZATION_LEVEL = "-Onone";
			};
			name = Debug;
		};
		65907C742DC27736006A7FEC /* Release */ = {
			isa = XCBuildConfiguration;
			buildSettings = {
				ALWAYS_SEARCH_USER_PATHS = NO;
				ASSETCATALOG_COMPILER_GENERATE_SWIFT_ASSET_SYMBOL_EXTENSIONS = YES;
				CLANG_ANALYZER_NONNULL = YES;
				CLANG_ANALYZER_NUMBER_OBJECT_CONVERSION = YES_AGGRESSIVE;
				CLANG_CXX_LANGUAGE_STANDARD = "gnu++20";
				CLANG_ENABLE_MODULES = YES;
				CLANG_ENABLE_OBJC_ARC = YES;
				CLANG_ENABLE_OBJC_WEAK = YES;
				CLANG_WARN_BLOCK_CAPTURE_AUTORELEASING = YES;
				CLANG_WARN_BOOL_CONVERSION = YES;
				CLANG_WARN_COMMA = YES;
				CLANG_WARN_CONSTANT_CONVERSION = YES;
				CLANG_WARN_DEPRECATED_OBJC_IMPLEMENTATIONS = YES;
				CLANG_WARN_DIRECT_OBJC_ISA_USAGE = YES_ERROR;
				CLANG_WARN_DOCUMENTATION_COMMENTS = YES;
				CLANG_WARN_EMPTY_BODY = YES;
				CLANG_WARN_ENUM_CONVERSION = YES;
				CLANG_WARN_INFINITE_RECURSION = YES;
				CLANG_WARN_INT_CONVERSION = YES;
				CLANG_WARN_NON_LITERAL_NULL_CONVERSION = YES;
				CLANG_WARN_OBJC_IMPLICIT_RETAIN_SELF = YES;
				CLANG_WARN_OBJC_LITERAL_CONVERSION = YES;
				CLANG_WARN_OBJC_ROOT_CLASS = YES_ERROR;
				CLANG_WARN_QUOTED_INCLUDE_IN_FRAMEWORK_HEADER = YES;
				CLANG_WARN_RANGE_LOOP_ANALYSIS = YES;
				CLANG_WARN_STRICT_PROTOTYPES = YES;
				CLANG_WARN_SUSPICIOUS_MOVE = YES;
				CLANG_WARN_UNGUARDED_AVAILABILITY = YES_AGGRESSIVE;
				CLANG_WARN_UNREACHABLE_CODE = YES;
				CLANG_WARN__DUPLICATE_METHOD_MATCH = YES;
				COPY_PHASE_STRIP = NO;
				DEBUG_INFORMATION_FORMAT = "dwarf-with-dsym";
				ENABLE_NS_ASSERTIONS = NO;
				ENABLE_STRICT_OBJC_MSGSEND = YES;
				ENABLE_USER_SCRIPT_SANDBOXING = YES;
				GCC_C_LANGUAGE_STANDARD = gnu17;
				GCC_NO_COMMON_BLOCKS = YES;
				GCC_WARN_64_TO_32_BIT_CONVERSION = YES;
				GCC_WARN_ABOUT_RETURN_TYPE = YES_ERROR;
				GCC_WARN_UNDECLARED_SELECTOR = YES;
				GCC_WARN_UNINITIALIZED_AUTOS = YES_AGGRESSIVE;
				GCC_WARN_UNUSED_FUNCTION = YES;
				GCC_WARN_UNUSED_VARIABLE = YES;
				LOCALIZATION_PREFERS_STRING_CATALOGS = YES;
				MTL_ENABLE_DEBUG_INFO = NO;
				MTL_FAST_MATH = YES;
				SWIFT_COMPILATION_MODE = wholemodule;
			};
			name = Release;
		};
		65907C762DC27736006A7FEC /* Debug */ = {
			isa = XCBuildConfiguration;
			buildSettings = {
				ASSETCATALOG_COMPILER_APPICON_NAME = AppIcon;
				ASSETCATALOG_COMPILER_GLOBAL_ACCENT_COLOR_NAME = AccentColor;
				CODE_SIGN_ENTITLEMENTS = DynamicForms.entitlements;
				CODE_SIGN_STYLE = Automatic;
				CURRENT_PROJECT_VERSION = 1;
				DEVELOPMENT_ASSET_PATHS = "";
				DEVELOPMENT_TEAM = RXX9LC545Z;
				ENABLE_HARDENED_RUNTIME = YES;
				ENABLE_PREVIEWS = YES;
				GENERATE_INFOPLIST_FILE = YES;
				"INFOPLIST_KEY_UIApplicationSceneManifest_Generation[sdk=iphoneos*]" = YES;
				"INFOPLIST_KEY_UIApplicationSceneManifest_Generation[sdk=iphonesimulator*]" = YES;
				"INFOPLIST_KEY_UIApplicationSupportsIndirectInputEvents[sdk=iphoneos*]" = YES;
				"INFOPLIST_KEY_UIApplicationSupportsIndirectInputEvents[sdk=iphonesimulator*]" = YES;
				"INFOPLIST_KEY_UILaunchScreen_Generation[sdk=iphoneos*]" = YES;
				"INFOPLIST_KEY_UILaunchScreen_Generation[sdk=iphonesimulator*]" = YES;
				"INFOPLIST_KEY_UIStatusBarStyle[sdk=iphoneos*]" = UIStatusBarStyleDefault;
				"INFOPLIST_KEY_UIStatusBarStyle[sdk=iphonesimulator*]" = UIStatusBarStyleDefault;
				INFOPLIST_KEY_UISupportedInterfaceOrientations_iPad = "UIInterfaceOrientationPortrait UIInterfaceOrientationPortraitUpsideDown UIInterfaceOrientationLandscapeLeft UIInterfaceOrientationLandscapeRight";
				INFOPLIST_KEY_UISupportedInterfaceOrientations_iPhone = "UIInterfaceOrientationPortrait UIInterfaceOrientationLandscapeLeft UIInterfaceOrientationLandscapeRight";
				IPHONEOS_DEPLOYMENT_TARGET = 18.0;
				LD_RUNPATH_SEARCH_PATHS = "@executable_path/Frameworks";
				"LD_RUNPATH_SEARCH_PATHS[sdk=macosx*]" = "@executable_path/../Frameworks";
				MACOSX_DEPLOYMENT_TARGET = 14.7;
				MARKETING_VERSION = 1.0;
				PRODUCT_BUNDLE_IDENTIFIER = com.cludplusplus.DynamicForms;
				PRODUCT_NAME = "$(TARGET_NAME)";
				SDKROOT = auto;
				SUPPORTED_PLATFORMS = "iphoneos iphonesimulator macosx xros xrsimulator";
				SWIFT_EMIT_LOC_STRINGS = YES;
				SWIFT_VERSION = 5.0;
				TARGETED_DEVICE_FAMILY = "1,2,7";
				XROS_DEPLOYMENT_TARGET = 2.0;
			};
			name = Debug;
		};
		65907C772DC27736006A7FEC /* Release */ = {
			isa = XCBuildConfiguration;
			buildSettings = {
				ASSETCATALOG_COMPILER_APPICON_NAME = AppIcon;
				ASSETCATALOG_COMPILER_GLOBAL_ACCENT_COLOR_NAME = AccentColor;
				CODE_SIGN_ENTITLEMENTS = DynamicForms.entitlements;
				CODE_SIGN_STYLE = Automatic;
				CURRENT_PROJECT_VERSION = 1;
				DEVELOPMENT_ASSET_PATHS = "";
				DEVELOPMENT_TEAM = RXX9LC545Z;
				ENABLE_HARDENED_RUNTIME = YES;
				ENABLE_PREVIEWS = YES;
				GENERATE_INFOPLIST_FILE = YES;
				"INFOPLIST_KEY_UIApplicationSceneManifest_Generation[sdk=iphoneos*]" = YES;
				"INFOPLIST_KEY_UIApplicationSceneManifest_Generation[sdk=iphonesimulator*]" = YES;
				"INFOPLIST_KEY_UIApplicationSupportsIndirectInputEvents[sdk=iphoneos*]" = YES;
				"INFOPLIST_KEY_UIApplicationSupportsIndirectInputEvents[sdk=iphonesimulator*]" = YES;
				"INFOPLIST_KEY_UILaunchScreen_Generation[sdk=iphoneos*]" = YES;
				"INFOPLIST_KEY_UILaunchScreen_Generation[sdk=iphonesimulator*]" = YES;
				"INFOPLIST_KEY_UIStatusBarStyle[sdk=iphoneos*]" = UIStatusBarStyleDefault;
				"INFOPLIST_KEY_UIStatusBarStyle[sdk=iphonesimulator*]" = UIStatusBarStyleDefault;
				INFOPLIST_KEY_UISupportedInterfaceOrientations_iPad = "UIInterfaceOrientationPortrait UIInterfaceOrientationPortraitUpsideDown UIInterfaceOrientationLandscapeLeft UIInterfaceOrientationLandscapeRight";
				INFOPLIST_KEY_UISupportedInterfaceOrientations_iPhone = "UIInterfaceOrientationPortrait UIInterfaceOrientationLandscapeLeft UIInterfaceOrientationLandscapeRight";
				IPHONEOS_DEPLOYMENT_TARGET = 18.0;
				LD_RUNPATH_SEARCH_PATHS = "@executable_path/Frameworks";
				"LD_RUNPATH_SEARCH_PATHS[sdk=macosx*]" = "@executable_path/../Frameworks";
				MACOSX_DEPLOYMENT_TARGET = 14.7;
				MARKETING_VERSION = 1.0;
				PRODUCT_BUNDLE_IDENTIFIER = com.cludplusplus.DynamicForms;
				PRODUCT_NAME = "$(TARGET_NAME)";
				SDKROOT = auto;
				SUPPORTED_PLATFORMS = "iphoneos iphonesimulator macosx xros xrsimulator";
				SWIFT_EMIT_LOC_STRINGS = YES;
				SWIFT_VERSION = 5.0;
				TARGETED_DEVICE_FAMILY = "1,2,7";
				XROS_DEPLOYMENT_TARGET = 2.0;
			};
			name = Release;
		};
		65907C792DC27736006A7FEC /* Debug */ = {
			isa = XCBuildConfiguration;
			buildSettings = {
				BUNDLE_LOADER = "$(TEST_HOST)";
				CODE_SIGN_STYLE = Automatic;
				CURRENT_PROJECT_VERSION = 1;
				DEVELOPMENT_TEAM = RXX9LC545Z;
				GENERATE_INFOPLIST_FILE = YES;
				IPHONEOS_DEPLOYMENT_TARGET = 18.0;
				MACOSX_DEPLOYMENT_TARGET = 14.7;
				MARKETING_VERSION = 1.0;
				PRODUCT_BUNDLE_IDENTIFIER = com.cludplusplus.DynamicFormsTests;
				PRODUCT_NAME = "$(TARGET_NAME)";
				SDKROOT = auto;
				SUPPORTED_PLATFORMS = "iphoneos iphonesimulator macosx xros xrsimulator";
				SWIFT_EMIT_LOC_STRINGS = NO;
				SWIFT_VERSION = 5.0;
				TARGETED_DEVICE_FAMILY = "1,2,7";
				TEST_HOST = "$(BUILT_PRODUCTS_DIR)/DynamicForms.app/$(BUNDLE_EXECUTABLE_FOLDER_PATH)/DynamicForms";
				XROS_DEPLOYMENT_TARGET = 2.0;
			};
			name = Debug;
		};
		65907C7A2DC27736006A7FEC /* Release */ = {
			isa = XCBuildConfiguration;
			buildSettings = {
				BUNDLE_LOADER = "$(TEST_HOST)";
				CODE_SIGN_STYLE = Automatic;
				CURRENT_PROJECT_VERSION = 1;
				DEVELOPMENT_TEAM = RXX9LC545Z;
				GENERATE_INFOPLIST_FILE = YES;
				IPHONEOS_DEPLOYMENT_TARGET = 18.0;
				MACOSX_DEPLOYMENT_TARGET = 14.7;
				MARKETING_VERSION = 1.0;
				PRODUCT_BUNDLE_IDENTIFIER = com.cludplusplus.DynamicFormsTests;
				PRODUCT_NAME = "$(TARGET_NAME)";
				SDKROOT = auto;
				SUPPORTED_PLATFORMS = "iphoneos iphonesimulator macosx xros xrsimulator";
				SWIFT_EMIT_LOC_STRINGS = NO;
				SWIFT_VERSION = 5.0;
				TARGETED_DEVICE_FAMILY = "1,2,7";
				TEST_HOST = "$(BUILT_PRODUCTS_DIR)/DynamicForms.app/$(BUNDLE_EXECUTABLE_FOLDER_PATH)/DynamicForms";
				XROS_DEPLOYMENT_TARGET = 2.0;
			};
			name = Release;
		};
		65907C7C2DC27736006A7FEC /* Debug */ = {
			isa = XCBuildConfiguration;
			buildSettings = {
				CODE_SIGN_STYLE = Automatic;
				CURRENT_PROJECT_VERSION = 1;
				DEVELOPMENT_TEAM = RXX9LC545Z;
				GENERATE_INFOPLIST_FILE = YES;
				IPHONEOS_DEPLOYMENT_TARGET = 18.0;
				MACOSX_DEPLOYMENT_TARGET = 14.7;
				MARKETING_VERSION = 1.0;
				PRODUCT_BUNDLE_IDENTIFIER = com.cludplusplus.DynamicFormsUITests;
				PRODUCT_NAME = "$(TARGET_NAME)";
				SDKROOT = auto;
				SUPPORTED_PLATFORMS = "iphoneos iphonesimulator macosx xros xrsimulator";
				SWIFT_EMIT_LOC_STRINGS = NO;
				SWIFT_VERSION = 5.0;
				TARGETED_DEVICE_FAMILY = "1,2,7";
				TEST_TARGET_NAME = DynamicForms;
				XROS_DEPLOYMENT_TARGET = 2.0;
			};
			name = Debug;
		};
		65907C7D2DC27736006A7FEC /* Release */ = {
			isa = XCBuildConfiguration;
			buildSettings = {
				CODE_SIGN_STYLE = Automatic;
				CURRENT_PROJECT_VERSION = 1;
				DEVELOPMENT_TEAM = RXX9LC545Z;
				GENERATE_INFOPLIST_FILE = YES;
				IPHONEOS_DEPLOYMENT_TARGET = 18.0;
				MACOSX_DEPLOYMENT_TARGET = 14.7;
				MARKETING_VERSION = 1.0;
				PRODUCT_BUNDLE_IDENTIFIER = com.cludplusplus.DynamicFormsUITests;
				PRODUCT_NAME = "$(TARGET_NAME)";
				SDKROOT = auto;
				SUPPORTED_PLATFORMS = "iphoneos iphonesimulator macosx xros xrsimulator";
				SWIFT_EMIT_LOC_STRINGS = NO;
				SWIFT_VERSION = 5.0;
				TARGETED_DEVICE_FAMILY = "1,2,7";
				TEST_TARGET_NAME = DynamicForms;
				XROS_DEPLOYMENT_TARGET = 2.0;
			};
			name = Release;
		};
/* End XCBuildConfiguration section */

/* Begin XCConfigurationList section */
		65907C4B2DC27734006A7FEC /* Build configuration list for PBXProject "DynamicForms" */ = {
			isa = XCConfigurationList;
			buildConfigurations = (
				65907C732DC27736006A7FEC /* Debug */,
				65907C742DC27736006A7FEC /* Release */,
			);
			defaultConfigurationIsVisible = 0;
			defaultConfigurationName = Release;
		};
		65907C752DC27736006A7FEC /* Build configuration list for PBXNativeTarget "DynamicForms" */ = {
			isa = XCConfigurationList;
			buildConfigurations = (
				65907C762DC27736006A7FEC /* Debug */,
				65907C772DC27736006A7FEC /* Release */,
			);
			defaultConfigurationIsVisible = 0;
			defaultConfigurationName = Release;
		};
		65907C782DC27736006A7FEC /* Build configuration list for PBXNativeTarget "DynamicFormsTests" */ = {
			isa = XCConfigurationList;
			buildConfigurations = (
				65907C792DC27736006A7FEC /* Debug */,
				65907C7A2DC27736006A7FEC /* Release */,
			);
			defaultConfigurationIsVisible = 0;
			defaultConfigurationName = Release;
		};
		65907C7B2DC27736006A7FEC /* Build configuration list for PBXNativeTarget "DynamicFormsUITests" */ = {
			isa = XCConfigurationList;
			buildConfigurations = (
				65907C7C2DC27736006A7FEC /* Debug */,
				65907C7D2DC27736006A7FEC /* Release */,
			);
			defaultConfigurationIsVisible = 0;
			defaultConfigurationName = Release;
		};
/* End XCConfigurationList section */

/* Begin XCRemoteSwiftPackageReference section */
		65907C7E2DC277D1006A7FEC /* XCRemoteSwiftPackageReference "SwiftSoup" */ = {
			isa = XCRemoteSwiftPackageReference;
			repositoryURL = "https://github.com/scinfu/SwiftSoup.git";
			requirement = {
				kind = upToNextMajorVersion;
				minimumVersion = 2.8.7;
			};
		};
/* End XCRemoteSwiftPackageReference section */
	};
	rootObject = 65907C482DC27734006A7FEC /* Project object */;
}
